
Microsoft Visual Studio Solution File, Format Version 12.00
# Visual Studio Version 16
VisualStudioVersion = 16.0.31321.278
MinimumVisualStudioVersion = 10.0.40219.1
Project("{FAE04EC0-301F-11D3-BF4B-00C04F79EFBC}") = "MaxUsingGenerics", "MaxUsingGenerics\MaxUsingGenerics.csproj", "{33EC53AC-BD1A-474E-A857-0E50E6BFEF2C}"
EndProject
Global
	GlobalSection(SolutionConfigurationPlatforms) = preSolution
		Debug|Any CPU = Debug|Any CPU
		Release|Any CPU = Release|Any CPU
	EndGlobalSection
	GlobalSection(ProjectConfigurationPlatforms) = postSolution
		{33EC53AC-BD1A-474E-A857-0E50E6BFEF2C}.Debug|Any CPU.ActiveCfg = Debug|Any CPU
		{33EC53AC-BD1A-474E-A857-0E50E6BFEF2C}.Debug|Any CPU.Build.0 = Debug|Any CPU
		{33EC53AC-BD1A-474E-A857-0E50E6BFEF2C}.Release|Any CPU.ActiveCfg = Release|Any CPU
		{33EC53AC-BD1A-474E-A857-0E50E6BFEF2C}.Release|Any CPU.Build.0 = Release|Any CPU
	EndGlobalSection
	GlobalSection(SolutionProperties) = preSolution
		HideSolutionNode = FALSE
	EndGlobalSection
	GlobalSection(ExtensibilityGlobals) = postSolution
		SolutionGuid = {E35F8199-A188-4F63-B85F-91CCA747516E}
	EndGlobalSection
EndGlobal
